<?xml version="1.0" encoding="utf-8"?>
<Project ToolsVersion="4.0" xmlns="http://schemas.microsoft.com/developer/msbuild/2003">
  <ItemGroup>
    <Filter Include="Source Files">
      <UniqueIdentifier>{4FC737F1-C7A5-4376-A066-2A32D752A2FF}</UniqueIdentifier>
      <Extensions>cpp;c;cc;cxx;def;odl;idl;hpj;bat;asm;asmx</Extensions>
    </Filter>
    <Filter Include="Header Files">
      <UniqueIdentifier>{93995380-89BD-4b04-88EB-625FBE52EBFB}</UniqueIdentifier>
      <Extensions>h;hh;hpp;hxx;hm;inl;inc;ipp;xsd</Extensions>
    </Filter>
    <Filter Include="Resources">
      <UniqueIdentifier>{d4f71cb2-18cf-4546-b49f-b7677f0126e7}</UniqueIdentifier>
    </Filter>
  </ItemGroup>
  <ItemGroup>
    <ClInclude Include="pch.h">
      <Filter>Header Files</Filter>
    </ClInclude>
    <ClInclude Include="xml_node.h">
      <Filter>Header Files</Filter>
    </ClInclude>
    <ClInclude Include="xml_parsing.h">
      <Filter>Header Files</Filter>
    </ClInclude>
    <ClInclude Include="position_info.h">
      <Filter>Header Files</Filter>
    </ClInclude>
    <ClInclude Include="xml_token_stream.h">
      <Filter>Header Files</Filter>
    </ClInclude>
    <ClInclude Include="token_stream.h">
      <Filter>Header Files</Filter>
    </ClInclude>
    <ClInclude Include="text_token_stream.h">
      <Filter>Header Files</Filter>
    </ClInclude>
    <ClInclude Include="token_type.h">
      <Filter>Header Files</Filter>
    </ClInclude>
    <ClInclude Include="token.h">
      <Filter>Header Files</Filter>
    </ClInclude>
    <ClInclude Include="xpath_token_stream.h">
      <Filter>Header Files</Filter>
    </ClInclude>
    <ClInclude Include="cached_token_stream.h">
      <Filter>Header Files</Filter>
    </ClInclude>
    <ClInclude Include="xpath_parsing.h">
      <Filter>Header Files</Filter>
    </ClInclude>
    <ClInclude Include="xpath_query.h">
      <Filter>Header Files</Filter>
    </ClInclude>
    <ClInclude Include="xpath_query_segment.h">
      <Filter>Header Files</Filter>
    </ClInclude>
    <ClInclude Include="optional.h">
      <Filter>Header Files</Filter>
    </ClInclude>
    <ClInclude Include="xpath_attribute_filter.h">
      <Filter>Header Files</Filter>
    </ClInclude>
    <ClInclude Include="xml_context.h">
      <Filter>Header Files</Filter>
    </ClInclude>
    <ClInclude Include="context_node.h">
      <Filter>Header Files</Filter>
    </ClInclude>
  </ItemGroup>
  <ItemGroup>
    <ClCompile Include="pch.cpp">
      <Filter>Source Files</Filter>
    </ClCompile>
    <ClCompile Include="xml_node.cpp">
      <Filter>Source Files</Filter>
    </ClCompile>
    <ClCompile Include="xml_parsing.cpp">
      <Filter>Source Files</Filter>
    </ClCompile>
    <ClCompile Include="xml_token_stream.cpp">
      <Filter>Source Files</Filter>
    </ClCompile>
    <ClCompile Include="text_token_stream.cpp">
      <Filter>Source Files</Filter>
    </ClCompile>
    <ClCompile Include="token.cpp">
      <Filter>Source Files</Filter>
    </ClCompile>
    <ClCompile Include="xpath_token_stream.cpp">
      <Filter>Source Files</Filter>
    </ClCompile>
    <ClCompile Include="cached_token_stream.cpp">
      <Filter>Source Files</Filter>
    </ClCompile>
    <ClCompile Include="xpath_parsing.cpp">
      <Filter>Source Files</Filter>
    </ClCompile>
    <ClCompile Include="xpath_query.cpp">
      <Filter>Source Files</Filter>
    </ClCompile>
    <ClCompile Include="xpath_query_segment.cpp">
      <Filter>Source Files</Filter>
    </ClCompile>
    <ClCompile Include="xpath_attribute_filter.cpp">
      <Filter>Source Files</Filter>
    </ClCompile>
    <ClCompile Include="xml_context.cpp">
      <Filter>Source Files</Filter>
    </ClCompile>
    <ClCompile Include="context_node.cpp">
      <Filter>Source Files</Filter>
    </ClCompile>
  </ItemGroup>
</Project>